
Microsoft Visual Studio Solution File, Format Version 12.00
# Visual Studio Version 17
VisualStudioVersion = 17.0.32126.317
MinimumVisualStudioVersion = 10.0.40219.1
Project("{FAE04EC0-301F-11D3-BF4B-00C04F79EFBC}") = "MyIdForWin", "MyId\MyIdForWin.csproj", "{39E3ECA2-698A-4318-862A-94BD42C95D9C}"
EndProject
Project("{2150E333-8FDC-42A3-9474-1A3956D46DE8}") = "Solution Items", "Solution Items", "{2D649FBB-1125-4996-BB09-A30036D28F53}"
	ProjectSection(SolutionItems) = preProject
		.gitattributes = .gitattributes
		.gitignore = .gitignore
		Copy2Apps.png = Copy2Apps.png
		example0.PNG = example0.PNG
		example1.PNG = example1.PNG
		example2.PNG = example2.PNG
		LICENSE = LICENSE
		mainscreen.PNG = mainscreen.PNG
		README.md = README.md
	EndProjectSection
EndProject
Project("{FAE04EC0-301F-11D3-BF4B-00C04F79EFBC}") = "MyIdOnMac", "MyIdOnMac\MyIdOnMac.csproj", "{5F18BD50-1E21-4BA0-99C9-614C08930FA1}"
EndProject
Project("{FAE04EC0-301F-11D3-BF4B-00C04F79EFBC}") = "MyIdMobile.Android", "MyIdMobile\MyIdMobile.Android\MyIdMobile.Android.csproj", "{64C446C3-17B9-4583-8041-85494CD5D2AF}"
EndProject
Project("{FAE04EC0-301F-11D3-BF4B-00C04F79EFBC}") = "MyIdMobile.iOS", "MyIdMobile\MyIdMobile.iOS\MyIdMobile.iOS.csproj", "{7B75C9E6-B317-4C8C-96EB-F8C66D22A643}"
EndProject
Project("{9A19103F-16F7-4668-BE54-9A1E7A4F7556}") = "MyIdMobile", "MyIdMobile\MyIdMobile\MyIdMobile.csproj", "{94290C5E-92AC-478C-A956-C5E04B307FDC}"
EndProject
Project("{9A19103F-16F7-4668-BE54-9A1E7A4F7556}") = "MyIdWeb", "MyIdWeb\MyIdWeb.csproj", "{BD8D00E6-C2F8-4852-87E2-1590168FCF8A}"
EndProject
Project("{00D1A9C2-B5F0-4AF3-8072-F6C62B433612}") = "MyIdDb", "MyIdDatabase\MyIdDb.sqlproj", "{526E316D-FDF0-447D-B281-6191164336D2}"
EndProject
Project("{FAE04EC0-301F-11D3-BF4B-00C04F79EFBC}") = "MyIdLibrary", "MyIdLibrary\MyIdLibrary.csproj", "{432D9FE0-44AE-4C5D-AE62-E46DC57BF336}"
EndProject
Global
	GlobalSection(SolutionConfigurationPlatforms) = preSolution
		Debug|Any CPU = Debug|Any CPU
		Debug|iPhone = Debug|iPhone
		Debug|iPhoneSimulator = Debug|iPhoneSimulator
		Debug|x64 = Debug|x64
		Debug|x86 = Debug|x86
		Release|Any CPU = Release|Any CPU
		Release|iPhone = Release|iPhone
		Release|iPhoneSimulator = Release|iPhoneSimulator
		Release|x64 = Release|x64
		Release|x86 = Release|x86
	EndGlobalSection
	GlobalSection(ProjectConfigurationPlatforms) = postSolution
		{39E3ECA2-698A-4318-862A-94BD42C95D9C}.Debug|Any CPU.ActiveCfg = Debug|Any CPU
		{39E3ECA2-698A-4318-862A-94BD42C95D9C}.Debug|Any CPU.Build.0 = Debug|Any CPU
		{39E3ECA2-698A-4318-862A-94BD42C95D9C}.Debug|iPhone.ActiveCfg = Debug|Any CPU
		{39E3ECA2-698A-4318-862A-94BD42C95D9C}.Debug|iPhone.Build.0 = Debug|Any CPU
		{39E3ECA2-698A-4318-862A-94BD42C95D9C}.Debug|iPhoneSimulator.ActiveCfg = Debug|Any CPU
		{39E3ECA2-698A-4318-862A-94BD42C95D9C}.Debug|iPhoneSimulator.Build.0 = Debug|Any CPU
		{39E3ECA2-698A-4318-862A-94BD42C95D9C}.Debug|x64.ActiveCfg = Debug|Any CPU
		{39E3ECA2-698A-4318-862A-94BD42C95D9C}.Debug|x64.Build.0 = Debug|Any CPU
		{39E3ECA2-698A-4318-862A-94BD42C95D9C}.Debug|x86.ActiveCfg = Debug|Any CPU
		{39E3ECA2-698A-4318-862A-94BD42C95D9C}.Debug|x86.Build.0 = Debug|Any CPU
		{39E3ECA2-698A-4318-862A-94BD42C95D9C}.Release|Any CPU.ActiveCfg = Release|Any CPU
		{39E3ECA2-698A-4318-862A-94BD42C95D9C}.Release|Any CPU.Build.0 = Release|Any CPU
		{39E3ECA2-698A-4318-862A-94BD42C95D9C}.Release|iPhone.ActiveCfg = Release|Any CPU
		{39E3ECA2-698A-4318-862A-94BD42C95D9C}.Release|iPhone.Build.0 = Release|Any CPU
		{39E3ECA2-698A-4318-862A-94BD42C95D9C}.Release|iPhoneSimulator.ActiveCfg = Release|Any CPU
		{39E3ECA2-698A-4318-862A-94BD42C95D9C}.Release|iPhoneSimulator.Build.0 = Release|Any CPU
		{39E3ECA2-698A-4318-862A-94BD42C95D9C}.Release|x64.ActiveCfg = Release|Any CPU
		{39E3ECA2-698A-4318-862A-94BD42C95D9C}.Release|x64.Build.0 = Release|Any CPU
		{39E3ECA2-698A-4318-862A-94BD42C95D9C}.Release|x86.ActiveCfg = Release|Any CPU
		{39E3ECA2-698A-4318-862A-94BD42C95D9C}.Release|x86.Build.0 = Release|Any CPU
		{5F18BD50-1E21-4BA0-99C9-614C08930FA1}.Debug|Any CPU.ActiveCfg = Debug|Any CPU
		{5F18BD50-1E21-4BA0-99C9-614C08930FA1}.Debug|iPhone.ActiveCfg = Debug|Any CPU
		{5F18BD50-1E21-4BA0-99C9-614C08930FA1}.Debug|iPhone.Build.0 = Debug|Any CPU
		{5F18BD50-1E21-4BA0-99C9-614C08930FA1}.Debug|iPhoneSimulator.ActiveCfg = Debug|Any CPU
		{5F18BD50-1E21-4BA0-99C9-614C08930FA1}.Debug|iPhoneSimulator.Build.0 = Debug|Any CPU
		{5F18BD50-1E21-4BA0-99C9-614C08930FA1}.Debug|x64.ActiveCfg = Debug|Any CPU
		{5F18BD50-1E21-4BA0-99C9-614C08930FA1}.Debug|x64.Build.0 = Debug|Any CPU
		{5F18BD50-1E21-4BA0-99C9-614C08930FA1}.Debug|x86.ActiveCfg = Debug|Any CPU
		{5F18BD50-1E21-4BA0-99C9-614C08930FA1}.Debug|x86.Build.0 = Debug|Any CPU
		{5F18BD50-1E21-4BA0-99C9-614C08930FA1}.Release|Any CPU.ActiveCfg = Release|Any CPU
		{5F18BD50-1E21-4BA0-99C9-614C08930FA1}.Release|Any CPU.Build.0 = Release|Any CPU
		{5F18BD50-1E21-4BA0-99C9-614C08930FA1}.Release|iPhone.ActiveCfg = Release|Any CPU
		{5F18BD50-1E21-4BA0-99C9-614C08930FA1}.Release|iPhone.Build.0 = Release|Any CPU
		{5F18BD50-1E21-4BA0-99C9-614C08930FA1}.Release|iPhoneSimulator.ActiveCfg = Release|Any CPU
		{5F18BD50-1E21-4BA0-99C9-614C08930FA1}.Release|iPhoneSimulator.Build.0 = Release|Any CPU
		{5F18BD50-1E21-4BA0-99C9-614C08930FA1}.Release|x64.ActiveCfg = Release|Any CPU
		{5F18BD50-1E21-4BA0-99C9-614C08930FA1}.Release|x64.Build.0 = Release|Any CPU
		{5F18BD50-1E21-4BA0-99C9-614C08930FA1}.Release|x86.ActiveCfg = Release|Any CPU
		{5F18BD50-1E21-4BA0-99C9-614C08930FA1}.Release|x86.Build.0 = Release|Any CPU
		{64C446C3-17B9-4583-8041-85494CD5D2AF}.Debug|Any CPU.ActiveCfg = Debug|Any CPU
		{64C446C3-17B9-4583-8041-85494CD5D2AF}.Debug|Any CPU.Build.0 = Debug|Any CPU
		{64C446C3-17B9-4583-8041-85494CD5D2AF}.Debug|Any CPU.Deploy.0 = Debug|Any CPU
		{64C446C3-17B9-4583-8041-85494CD5D2AF}.Debug|iPhone.ActiveCfg = Debug|Any CPU
		{64C446C3-17B9-4583-8041-85494CD5D2AF}.Debug|iPhone.Build.0 = Debug|Any CPU
		{64C446C3-17B9-4583-8041-85494CD5D2AF}.Debug|iPhone.Deploy.0 = Debug|Any CPU
		{64C446C3-17B9-4583-8041-85494CD5D2AF}.Debug|iPhoneSimulator.ActiveCfg = Debug|Any CPU
		{64C446C3-17B9-4583-8041-85494CD5D2AF}.Debug|iPhoneSimulator.Build.0 = Debug|Any CPU
		{64C446C3-17B9-4583-8041-85494CD5D2AF}.Debug|iPhoneSimulator.Deploy.0 = Debug|Any CPU
		{64C446C3-17B9-4583-8041-85494CD5D2AF}.Debug|x64.ActiveCfg = Debug|Any CPU
		{64C446C3-17B9-4583-8041-85494CD5D2AF}.Debug|x64.Build.0 = Debug|Any CPU
		{64C446C3-17B9-4583-8041-85494CD5D2AF}.Debug|x64.Deploy.0 = Debug|Any CPU
		{64C446C3-17B9-4583-8041-85494CD5D2AF}.Debug|x86.ActiveCfg = Debug|Any CPU
		{64C446C3-17B9-4583-8041-85494CD5D2AF}.Debug|x86.Build.0 = Debug|Any CPU
		{64C446C3-17B9-4583-8041-85494CD5D2AF}.Debug|x86.Deploy.0 = Debug|Any CPU
		{64C446C3-17B9-4583-8041-85494CD5D2AF}.Release|Any CPU.ActiveCfg = Release|Any CPU
		{64C446C3-17B9-4583-8041-85494CD5D2AF}.Release|Any CPU.Build.0 = Release|Any CPU
		{64C446C3-17B9-4583-8041-85494CD5D2AF}.Release|Any CPU.Deploy.0 = Release|Any CPU
		{64C446C3-17B9-4583-8041-85494CD5D2AF}.Release|iPhone.ActiveCfg = Release|Any CPU
		{64C446C3-17B9-4583-8041-85494CD5D2AF}.Release|iPhone.Build.0 = Release|Any CPU
		{64C446C3-17B9-4583-8041-85494CD5D2AF}.Release|iPhone.Deploy.0 = Release|Any CPU
		{64C446C3-17B9-4583-8041-85494CD5D2AF}.Release|iPhoneSimulator.ActiveCfg = Release|Any CPU
		{64C446C3-17B9-4583-8041-85494CD5D2AF}.Release|iPhoneSimulator.Build.0 = Release|Any CPU
		{64C446C3-17B9-4583-8041-85494CD5D2AF}.Release|iPhoneSimulator.Deploy.0 = Release|Any CPU
		{64C446C3-17B9-4583-8041-85494CD5D2AF}.Release|x64.ActiveCfg = Release|Any CPU
		{64C446C3-17B9-4583-8041-85494CD5D2AF}.Release|x64.Build.0 = Release|Any CPU
		{64C446C3-17B9-4583-8041-85494CD5D2AF}.Release|x64.Deploy.0 = Release|Any CPU
		{64C446C3-17B9-4583-8041-85494CD5D2AF}.Release|x86.ActiveCfg = Release|Any CPU
		{64C446C3-17B9-4583-8041-85494CD5D2AF}.Release|x86.Build.0 = Release|Any CPU
		{64C446C3-17B9-4583-8041-85494CD5D2AF}.Release|x86.Deploy.0 = Release|Any CPU
		{7B75C9E6-B317-4C8C-96EB-F8C66D22A643}.Debug|Any CPU.ActiveCfg = Debug|iPhoneSimulator
		{7B75C9E6-B317-4C8C-96EB-F8C66D22A643}.Debug|iPhone.ActiveCfg = Debug|iPhone
		{7B75C9E6-B317-4C8C-96EB-F8C66D22A643}.Debug|iPhone.Build.0 = Debug|iPhone
		{7B75C9E6-B317-4C8C-96EB-F8C66D22A643}.Debug|iPhoneSimulator.ActiveCfg = Debug|iPhoneSimulator
		{7B75C9E6-B317-4C8C-96EB-F8C66D22A643}.Debug|iPhoneSimulator.Build.0 = Debug|iPhoneSimulator
		{7B75C9E6-B317-4C8C-96EB-F8C66D22A643}.Debug|x64.ActiveCfg = Debug|iPhoneSimulator
		{7B75C9E6-B317-4C8C-96EB-F8C66D22A643}.Debug|x64.Build.0 = Debug|iPhoneSimulator
		{7B75C9E6-B317-4C8C-96EB-F8C66D22A643}.Debug|x86.ActiveCfg = Debug|iPhoneSimulator
		{7B75C9E6-B317-4C8C-96EB-F8C66D22A643}.Debug|x86.Build.0 = Debug|iPhoneSimulator
		{7B75C9E6-B317-4C8C-96EB-F8C66D22A643}.Release|Any CPU.ActiveCfg = Release|iPhoneSimulator
		{7B75C9E6-B317-4C8C-96EB-F8C66D22A643}.Release|Any CPU.Build.0 = Release|iPhoneSimulator
		{7B75C9E6-B317-4C8C-96EB-F8C66D22A643}.Release|iPhone.ActiveCfg = Release|iPhone
		{7B75C9E6-B317-4C8C-96EB-F8C66D22A643}.Release|iPhone.Build.0 = Release|iPhone
		{7B75C9E6-B317-4C8C-96EB-F8C66D22A643}.Release|iPhoneSimulator.ActiveCfg = Release|iPhoneSimulator
		{7B75C9E6-B317-4C8C-96EB-F8C66D22A643}.Release|iPhoneSimulator.Build.0 = Release|iPhoneSimulator
		{7B75C9E6-B317-4C8C-96EB-F8C66D22A643}.Release|x64.ActiveCfg = Release|iPhoneSimulator
		{7B75C9E6-B317-4C8C-96EB-F8C66D22A643}.Release|x64.Build.0 = Release|iPhoneSimulator
		{7B75C9E6-B317-4C8C-96EB-F8C66D22A643}.Release|x86.ActiveCfg = Release|iPhoneSimulator
		{7B75C9E6-B317-4C8C-96EB-F8C66D22A643}.Release|x86.Build.0 = Release|iPhoneSimulator
		{94290C5E-92AC-478C-A956-C5E04B307FDC}.Debug|Any CPU.ActiveCfg = Debug|Any CPU
		{94290C5E-92AC-478C-A956-C5E04B307FDC}.Debug|Any CPU.Build.0 = Debug|Any CPU
		{94290C5E-92AC-478C-A956-C5E04B307FDC}.Debug|iPhone.ActiveCfg = Debug|Any CPU
		{94290C5E-92AC-478C-A956-C5E04B307FDC}.Debug|iPhone.Build.0 = Debug|Any CPU
		{94290C5E-92AC-478C-A956-C5E04B307FDC}.Debug|iPhoneSimulator.ActiveCfg = Debug|Any CPU
		{94290C5E-92AC-478C-A956-C5E04B307FDC}.Debug|iPhoneSimulator.Build.0 = Debug|Any CPU
		{94290C5E-92AC-478C-A956-C5E04B307FDC}.Debug|x64.ActiveCfg = Debug|Any CPU
		{94290C5E-92AC-478C-A956-C5E04B307FDC}.Debug|x64.Build.0 = Debug|Any CPU
		{94290C5E-92AC-478C-A956-C5E04B307FDC}.Debug|x86.ActiveCfg = Debug|Any CPU
		{94290C5E-92AC-478C-A956-C5E04B307FDC}.Debug|x86.Build.0 = Debug|Any CPU
		{94290C5E-92AC-478C-A956-C5E04B307FDC}.Release|Any CPU.ActiveCfg = Release|Any CPU
		{94290C5E-92AC-478C-A956-C5E04B307FDC}.Release|Any CPU.Build.0 = Release|Any CPU
		{94290C5E-92AC-478C-A956-C5E04B307FDC}.Release|iPhone.ActiveCfg = Release|Any CPU
		{94290C5E-92AC-478C-A956-C5E04B307FDC}.Release|iPhone.Build.0 = Release|Any CPU
		{94290C5E-92AC-478C-A956-C5E04B307FDC}.Release|iPhoneSimulator.ActiveCfg = Release|Any CPU
		{94290C5E-92AC-478C-A956-C5E04B307FDC}.Release|iPhoneSimulator.Build.0 = Release|Any CPU
		{94290C5E-92AC-478C-A956-C5E04B307FDC}.Release|x64.ActiveCfg = Release|Any CPU
		{94290C5E-92AC-478C-A956-C5E04B307FDC}.Release|x64.Build.0 = Release|Any CPU
		{94290C5E-92AC-478C-A956-C5E04B307FDC}.Release|x86.ActiveCfg = Release|Any CPU
		{94290C5E-92AC-478C-A956-C5E04B307FDC}.Release|x86.Build.0 = Release|Any CPU
		{BD8D00E6-C2F8-4852-87E2-1590168FCF8A}.Debug|Any CPU.ActiveCfg = Debug|Any CPU
		{BD8D00E6-C2F8-4852-87E2-1590168FCF8A}.Debug|Any CPU.Build.0 = Debug|Any CPU
		{BD8D00E6-C2F8-4852-87E2-1590168FCF8A}.Debug|iPhone.ActiveCfg = Debug|Any CPU
		{BD8D00E6-C2F8-4852-87E2-1590168FCF8A}.Debug|iPhone.Build.0 = Debug|Any CPU
		{BD8D00E6-C2F8-4852-87E2-1590168FCF8A}.Debug|iPhoneSimulator.ActiveCfg = Debug|Any CPU
		{BD8D00E6-C2F8-4852-87E2-1590168FCF8A}.Debug|iPhoneSimulator.Build.0 = Debug|Any CPU
		{BD8D00E6-C2F8-4852-87E2-1590168FCF8A}.Debug|x64.ActiveCfg = Debug|Any CPU
		{BD8D00E6-C2F8-4852-87E2-1590168FCF8A}.Debug|x64.Build.0 = Debug|Any CPU
		{BD8D00E6-C2F8-4852-87E2-1590168FCF8A}.Debug|x86.ActiveCfg = Debug|Any CPU
		{BD8D00E6-C2F8-4852-87E2-1590168FCF8A}.Debug|x86.Build.0 = Debug|Any CPU
		{BD8D00E6-C2F8-4852-87E2-1590168FCF8A}.Release|Any CPU.ActiveCfg = Release|Any CPU
		{BD8D00E6-C2F8-4852-87E2-1590168FCF8A}.Release|Any CPU.Build.0 = Release|Any CPU
		{BD8D00E6-C2F8-4852-87E2-1590168FCF8A}.Release|iPhone.ActiveCfg = Release|Any CPU
		{BD8D00E6-C2F8-4852-87E2-1590168FCF8A}.Release|iPhone.Build.0 = Release|Any CPU
		{BD8D00E6-C2F8-4852-87E2-1590168FCF8A}.Release|iPhoneSimulator.ActiveCfg = Release|Any CPU
		{BD8D00E6-C2F8-4852-87E2-1590168FCF8A}.Release|iPhoneSimulator.Build.0 = Release|Any CPU
		{BD8D00E6-C2F8-4852-87E2-1590168FCF8A}.Release|x64.ActiveCfg = Release|Any CPU
		{BD8D00E6-C2F8-4852-87E2-1590168FCF8A}.Release|x64.Build.0 = Release|Any CPU
		{BD8D00E6-C2F8-4852-87E2-1590168FCF8A}.Release|x86.ActiveCfg = Release|Any CPU
		{BD8D00E6-C2F8-4852-87E2-1590168FCF8A}.Release|x86.Build.0 = Release|Any CPU
		{526E316D-FDF0-447D-B281-6191164336D2}.Debug|Any CPU.ActiveCfg = Debug|Any CPU
		{526E316D-FDF0-447D-B281-6191164336D2}.Debug|Any CPU.Build.0 = Debug|Any CPU
		{526E316D-FDF0-447D-B281-6191164336D2}.Debug|Any CPU.Deploy.0 = Debug|Any CPU
		{526E316D-FDF0-447D-B281-6191164336D2}.Debug|iPhone.ActiveCfg = Debug|Any CPU
		{526E316D-FDF0-447D-B281-6191164336D2}.Debug|iPhone.Build.0 = Debug|Any CPU
		{526E316D-FDF0-447D-B281-6191164336D2}.Debug|iPhone.Deploy.0 = Debug|Any CPU
		{526E316D-FDF0-447D-B281-6191164336D2}.Debug|iPhoneSimulator.ActiveCfg = Debug|Any CPU
		{526E316D-FDF0-447D-B281-6191164336D2}.Debug|iPhoneSimulator.Build.0 = Debug|Any CPU
		{526E316D-FDF0-447D-B281-6191164336D2}.Debug|iPhoneSimulator.Deploy.0 = Debug|Any CPU
		{526E316D-FDF0-447D-B281-6191164336D2}.Debug|x64.ActiveCfg = Debug|Any CPU
		{526E316D-FDF0-447D-B281-6191164336D2}.Debug|x64.Build.0 = Debug|Any CPU
		{526E316D-FDF0-447D-B281-6191164336D2}.Debug|x64.Deploy.0 = Debug|Any CPU
		{526E316D-FDF0-447D-B281-6191164336D2}.Debug|x86.ActiveCfg = Debug|Any CPU
		{526E316D-FDF0-447D-B281-6191164336D2}.Debug|x86.Build.0 = Debug|Any CPU
		{526E316D-FDF0-447D-B281-6191164336D2}.Debug|x86.Deploy.0 = Debug|Any CPU
		{526E316D-FDF0-447D-B281-6191164336D2}.Release|Any CPU.ActiveCfg = Release|Any CPU
		{526E316D-FDF0-447D-B281-6191164336D2}.Release|Any CPU.Build.0 = Release|Any CPU
		{526E316D-FDF0-447D-B281-6191164336D2}.Release|Any CPU.Deploy.0 = Release|Any CPU
		{526E316D-FDF0-447D-B281-6191164336D2}.Release|iPhone.ActiveCfg = Release|Any CPU
		{526E316D-FDF0-447D-B281-6191164336D2}.Release|iPhone.Build.0 = Release|Any CPU
		{526E316D-FDF0-447D-B281-6191164336D2}.Release|iPhone.Deploy.0 = Release|Any CPU
		{526E316D-FDF0-447D-B281-6191164336D2}.Release|iPhoneSimulator.ActiveCfg = Release|Any CPU
		{526E316D-FDF0-447D-B281-6191164336D2}.Release|iPhoneSimulator.Build.0 = Release|Any CPU
		{526E316D-FDF0-447D-B281-6191164336D2}.Release|iPhoneSimulator.Deploy.0 = Release|Any CPU
		{526E316D-FDF0-447D-B281-6191164336D2}.Release|x64.ActiveCfg = Release|Any CPU
		{526E316D-FDF0-447D-B281-6191164336D2}.Release|x64.Build.0 = Release|Any CPU
		{526E316D-FDF0-447D-B281-6191164336D2}.Release|x64.Deploy.0 = Release|Any CPU
		{526E316D-FDF0-447D-B281-6191164336D2}.Release|x86.ActiveCfg = Release|Any CPU
		{526E316D-FDF0-447D-B281-6191164336D2}.Release|x86.Build.0 = Release|Any CPU
		{526E316D-FDF0-447D-B281-6191164336D2}.Release|x86.Deploy.0 = Release|Any CPU
		{432D9FE0-44AE-4C5D-AE62-E46DC57BF336}.Debug|Any CPU.ActiveCfg = Debug|Any CPU
		{432D9FE0-44AE-4C5D-AE62-E46DC57BF336}.Debug|Any CPU.Build.0 = Debug|Any CPU
		{432D9FE0-44AE-4C5D-AE62-E46DC57BF336}.Debug|iPhone.ActiveCfg = Debug|Any CPU
		{432D9FE0-44AE-4C5D-AE62-E46DC57BF336}.Debug|iPhone.Build.0 = Debug|Any CPU
		{432D9FE0-44AE-4C5D-AE62-E46DC57BF336}.Debug|iPhoneSimulator.ActiveCfg = Debug|Any CPU
		{432D9FE0-44AE-4C5D-AE62-E46DC57BF336}.Debug|iPhoneSimulator.Build.0 = Debug|Any CPU
		{432D9FE0-44AE-4C5D-AE62-E46DC57BF336}.Debug|x64.ActiveCfg = Debug|Any CPU
		{432D9FE0-44AE-4C5D-AE62-E46DC57BF336}.Debug|x64.Build.0 = Debug|Any CPU
		{432D9FE0-44AE-4C5D-AE62-E46DC57BF336}.Debug|x86.ActiveCfg = Debug|Any CPU
		{432D9FE0-44AE-4C5D-AE62-E46DC57BF336}.Debug|x86.Build.0 = Debug|Any CPU
		{432D9FE0-44AE-4C5D-AE62-E46DC57BF336}.Release|Any CPU.ActiveCfg = Release|Any CPU
		{432D9FE0-44AE-4C5D-AE62-E46DC57BF336}.Release|Any CPU.Build.0 = Release|Any CPU
		{432D9FE0-44AE-4C5D-AE62-E46DC57BF336}.Release|iPhone.ActiveCfg = Release|Any CPU
		{432D9FE0-44AE-4C5D-AE62-E46DC57BF336}.Release|iPhone.Build.0 = Release|Any CPU
		{432D9FE0-44AE-4C5D-AE62-E46DC57BF336}.Release|iPhoneSimulator.ActiveCfg = Release|Any CPU
		{432D9FE0-44AE-4C5D-AE62-E46DC57BF336}.Release|iPhoneSimulator.Build.0 = Release|Any CPU
		{432D9FE0-44AE-4C5D-AE62-E46DC57BF336}.Release|x64.ActiveCfg = Release|Any CPU
		{432D9FE0-44AE-4C5D-AE62-E46DC57BF336}.Release|x64.Build.0 = Release|Any CPU
		{432D9FE0-44AE-4C5D-AE62-E46DC57BF336}.Release|x86.ActiveCfg = Release|Any CPU
		{432D9FE0-44AE-4C5D-AE62-E46DC57BF336}.Release|x86.Build.0 = Release|Any CPU
	EndGlobalSection
	GlobalSection(SolutionProperties) = preSolution
		HideSolutionNode = FALSE
	EndGlobalSection
	GlobalSection(ExtensibilityGlobals) = postSolution
		SolutionGuid = {3142D2AD-47B6-4B37-8B5F-138310A77CAC}
		VisualSVNWorkingCopyRoot = .
	EndGlobalSection
EndGlobal
